// !$*UTF8*$!
{
	archiveVersion = 1;
	classes = {
	};
	objectVersion = 46;
	objects = {

/* Begin PBXBuildFile section */
		3C20ACB62A78F5ED0021EEC7 /* Events.cpp in Sources */ = {isa = PBXBuildFile; fileRef = 3C20ACB32A78F5ED0021EEC7 /* Events.cpp */; };
		3C8F0B752A85D6C80006AAD0 /* AnimatedText.cpp in Sources */ = {isa = PBXBuildFile; fileRef = 3C8F0B742A85D6C80006AAD0 /* AnimatedText.cpp */; };
		3CA95A9B27DD77390015AB3C /* network.cpp in Sources */ = {isa = PBXBuildFile; fileRef = 3CA95A9827DD77380015AB3C /* network.cpp */; };
		3CA95A9C27DD77390015AB3C /* agent.cpp in Sources */ = {isa = PBXBuildFile; fileRef = 3CA95A9927DD77380015AB3C /* agent.cpp */; };
		3CA95A9D27DD77390015AB3C /* kernel.cpp in Sources */ = {isa = PBXBuildFile; fileRef = 3CA95A9A27DD77390015AB3C /* kernel.cpp */; };
		3CBE1FED27D7945100529C38 /* main.cpp in Sources */ = {isa = PBXBuildFile; fileRef = FC2516114ACB421CA44AF10F /* main.cpp */; };
		3CC78D622A7616010053CF4E /* libftxui-component.a in Frameworks */ = {isa = PBXBuildFile; fileRef = 3CC78D5F2A7616010053CF4E /* libftxui-component.a */; };
		3CC78D632A7616010053CF4E /* libftxui-screen.a in Frameworks */ = {isa = PBXBuildFile; fileRef = 3CC78D602A7616010053CF4E /* libftxui-screen.a */; };
		3CC78D642A7616010053CF4E /* libftxui-dom.a in Frameworks */ = {isa = PBXBuildFile; fileRef = 3CC78D612A7616010053CF4E /* libftxui-dom.a */; };
		3CCAB8C129EF885B007F872E /* component.cpp in Sources */ = {isa = PBXBuildFile; fileRef = 3CCAB8BC29EF885B007F872E /* component.cpp */; };
		3CCAB8C229EF885B007F872E /* data.cpp in Sources */ = {isa = PBXBuildFile; fileRef = 3CCAB8BD29EF885B007F872E /* data.cpp */; };
		3CCAB8C329EF885B007F872E /* computer.cpp in Sources */ = {isa = PBXBuildFile; fileRef = 3CCAB8BE29EF885B007F872E /* computer.cpp */; };
		3CCAB8C429EF885B007F872E /* node.cpp in Sources */ = {isa = PBXBuildFile; fileRef = 3CCAB8BF29EF885B007F872E /* node.cpp */; };
		3CCAB8C529EF885B007F872E /* program.cpp in Sources */ = {isa = PBXBuildFile; fileRef = 3CCAB8C029EF885B007F872E /* program.cpp */; };
		3CD0BE422A83F84D00FD4F40 /* CompoundButton.cpp in Sources */ = {isa = PBXBuildFile; fileRef = 3CD0BE412A83F84D00FD4F40 /* CompoundButton.cpp */; };
/* End PBXBuildFile section */

/* Begin PBXFileReference section */
		3C20ACB02A78F5E10021EEC7 /* Events.h */ = {isa = PBXFileReference; lastKnownFileType = sourcecode.c.h; name = Events.h; path = include/Events.h; sourceTree = "<group>"; };
		3C20ACB32A78F5ED0021EEC7 /* Events.cpp */ = {isa = PBXFileReference; fileEncoding = 4; lastKnownFileType = sourcecode.cpp.cpp; name = Events.cpp; path = src/Events.cpp; sourceTree = "<group>"; };
		3C43743E2A744B78009C7263 /* node.h */ = {isa = PBXFileReference; lastKnownFileType = sourcecode.c.h; name = node.h; path = include/node.h; sourceTree = "<group>"; };
		3C4DBD742A7490CE00B878FD /* model.hpp */ = {isa = PBXFileReference; fileEncoding = 4; lastKnownFileType = sourcecode.cpp.h; name = model.hpp; path = include/model.hpp; sourceTree = "<group>"; };
		3C4DBD752A749E2C00B878FD /* game.hpp */ = {isa = PBXFileReference; fileEncoding = 4; lastKnownFileType = sourcecode.cpp.h; name = game.hpp; path = include/game.hpp; sourceTree = "<group>"; };
		3C8F0B742A85D6C80006AAD0 /* AnimatedText.cpp */ = {isa = PBXFileReference; fileEncoding = 4; lastKnownFileType = sourcecode.cpp.cpp; name = AnimatedText.cpp; path = src/AnimatedText.cpp; sourceTree = "<group>"; };
		3CA95A8E27DD23440015AB3C /* data.h */ = {isa = PBXFileReference; lastKnownFileType = sourcecode.c.h; name = data.h; path = include/data.h; sourceTree = "<group>"; };
		3CA95A9427DD2EB20015AB3C /* command.h */ = {isa = PBXFileReference; lastKnownFileType = sourcecode.c.h; name = command.h; path = include/command.h; sourceTree = "<group>"; };
		3CA95A9627DD53460015AB3C /* table.hpp */ = {isa = PBXFileReference; lastKnownFileType = sourcecode.cpp.h; name = table.hpp; path = include/table.hpp; sourceTree = "<group>"; };
		3CA95A9827DD77380015AB3C /* network.cpp */ = {isa = PBXFileReference; fileEncoding = 4; lastKnownFileType = sourcecode.cpp.cpp; name = network.cpp; path = src/network.cpp; sourceTree = "<group>"; };
		3CA95A9927DD77380015AB3C /* agent.cpp */ = {isa = PBXFileReference; fileEncoding = 4; lastKnownFileType = sourcecode.cpp.cpp; name = agent.cpp; path = src/agent.cpp; sourceTree = "<group>"; };
		3CA95A9A27DD77390015AB3C /* kernel.cpp */ = {isa = PBXFileReference; fileEncoding = 4; lastKnownFileType = sourcecode.cpp.cpp; name = kernel.cpp; path = src/kernel.cpp; sourceTree = "<group>"; };
		3CAF3E0A27D7C78200E4D5CA /* agent.h */ = {isa = PBXFileReference; lastKnownFileType = sourcecode.c.h; name = agent.h; path = include/agent.h; sourceTree = "<group>"; };
		3CAF3E0C27D7FAB400E4D5CA /* computer.h */ = {isa = PBXFileReference; lastKnownFileType = sourcecode.c.h; name = computer.h; path = include/computer.h; sourceTree = "<group>"; };
		3CAF3E0D27D7FAB400E4D5CA /* kernel.h */ = {isa = PBXFileReference; lastKnownFileType = sourcecode.c.h; name = kernel.h; path = include/kernel.h; sourceTree = "<group>"; };
		3CBE200B27D7968B00529C38 /* component.h */ = {isa = PBXFileReference; lastKnownFileType = sourcecode.c.h; name = component.h; path = include/component.h; sourceTree = "<group>"; };
		3CBE201527D7A73000529C38 /* program.h */ = {isa = PBXFileReference; lastKnownFileType = sourcecode.c.h; name = program.h; path = include/program.h; sourceTree = "<group>"; };
		3CC5B6DA27D8E0CC00F9AE44 /* network.h */ = {isa = PBXFileReference; lastKnownFileType = sourcecode.c.h; name = network.h; path = include/network.h; sourceTree = "<group>"; };
		3CC78D582A75EE3D0053CF4E /* render.hpp */ = {isa = PBXFileReference; fileEncoding = 4; lastKnownFileType = sourcecode.cpp.h; name = render.hpp; path = include/render.hpp; sourceTree = "<group>"; };
		3CC78D5F2A7616010053CF4E /* libftxui-component.a */ = {isa = PBXFileReference; lastKnownFileType = archive.ar; name = "libftxui-component.a"; path = "lib/FTXUI/build/libftxui-component.a"; sourceTree = "<group>"; };
		3CC78D602A7616010053CF4E /* libftxui-screen.a */ = {isa = PBXFileReference; lastKnownFileType = archive.ar; name = "libftxui-screen.a"; path = "lib/FTXUI/build/libftxui-screen.a"; sourceTree = "<group>"; };
		3CC78D612A7616010053CF4E /* libftxui-dom.a */ = {isa = PBXFileReference; lastKnownFileType = archive.ar; name = "libftxui-dom.a"; path = "lib/FTXUI/build/libftxui-dom.a"; sourceTree = "<group>"; };
		3CCAB8BC29EF885B007F872E /* component.cpp */ = {isa = PBXFileReference; fileEncoding = 4; lastKnownFileType = sourcecode.cpp.cpp; name = component.cpp; path = src/component.cpp; sourceTree = "<group>"; };
		3CCAB8BD29EF885B007F872E /* data.cpp */ = {isa = PBXFileReference; fileEncoding = 4; lastKnownFileType = sourcecode.cpp.cpp; name = data.cpp; path = src/data.cpp; sourceTree = "<group>"; };
		3CCAB8BE29EF885B007F872E /* computer.cpp */ = {isa = PBXFileReference; fileEncoding = 4; lastKnownFileType = sourcecode.cpp.cpp; name = computer.cpp; path = src/computer.cpp; sourceTree = "<group>"; };
		3CCAB8BF29EF885B007F872E /* node.cpp */ = {isa = PBXFileReference; fileEncoding = 4; lastKnownFileType = sourcecode.cpp.cpp; name = node.cpp; path = src/node.cpp; sourceTree = "<group>"; };
		3CCAB8C029EF885B007F872E /* program.cpp */ = {isa = PBXFileReference; fileEncoding = 4; lastKnownFileType = sourcecode.cpp.cpp; name = program.cpp; path = src/program.cpp; sourceTree = "<group>"; };
		3CD0BE412A83F84D00FD4F40 /* CompoundButton.cpp */ = {isa = PBXFileReference; fileEncoding = 4; lastKnownFileType = sourcecode.cpp.cpp; name = CompoundButton.cpp; path = src/CompoundButton.cpp; sourceTree = "<group>"; };
		E5D4017F8C2E497BA365ACC7 /* automaton */ = {isa = PBXFileReference; explicitFileType = "compiled.mach-o.executable"; path = automaton; sourceTree = BUILT_PRODUCTS_DIR; };
		FC2516114ACB421CA44AF10F /* main.cpp */ = {isa = PBXFileReference; explicitFileType = sourcecode.cpp.cpp; fileEncoding = 4; name = main.cpp; path = src/main.cpp; sourceTree = SOURCE_ROOT; };
/* End PBXFileReference section */

/* Begin PBXFrameworksBuildPhase section */
		A91D8F0E56CC47C0A79B7103 /* Frameworks */ = {
			isa = PBXFrameworksBuildPhase;
			buildActionMask = 2147483647;
			files = (
				3CC78D622A7616010053CF4E /* libftxui-component.a in Frameworks */,
				3CC78D632A7616010053CF4E /* libftxui-screen.a in Frameworks */,
				3CC78D642A7616010053CF4E /* libftxui-dom.a in Frameworks */,
			);
			runOnlyForDeploymentPostprocessing = 0;
		};
/* End PBXFrameworksBuildPhase section */

/* Begin PBXGroup section */
		23EBDEC433474227B1F800ED = {
			isa = PBXGroup;
			children = (
				3CBE1FD927D7941600529C38 /* Headers */,
				3CBE1FD827D793FD00529C38 /* Sources */,
				458202B530F848C8B22FEA05 /* Products */,
				B070ECFBFB6B405D91408B89 /* Frameworks */,
			);
			sourceTree = "<group>";
		};
		3CBE1FD827D793FD00529C38 /* Sources */ = {
			isa = PBXGroup;
			children = (
				3C8F0B742A85D6C80006AAD0 /* AnimatedText.cpp */,
				3CCAB8BC29EF885B007F872E /* component.cpp */,
				3CD0BE412A83F84D00FD4F40 /* CompoundButton.cpp */,
				3CCAB8BE29EF885B007F872E /* computer.cpp */,
				3CCAB8BD29EF885B007F872E /* data.cpp */,
				3C20ACB32A78F5ED0021EEC7 /* Events.cpp */,
				3CCAB8BF29EF885B007F872E /* node.cpp */,
				3CCAB8C029EF885B007F872E /* program.cpp */,
				3CA95A9927DD77380015AB3C /* agent.cpp */,
				3CA95A9A27DD77390015AB3C /* kernel.cpp */,
				3CA95A9827DD77380015AB3C /* network.cpp */,
				FC2516114ACB421CA44AF10F /* main.cpp */,
			);
			name = Sources;
			sourceTree = "<group>";
		};
		3CBE1FD927D7941600529C38 /* Headers */ = {
			isa = PBXGroup;
			children = (
				3CAF3E0A27D7C78200E4D5CA /* agent.h */,
				3CA95A9427DD2EB20015AB3C /* command.h */,
				3CBE200B27D7968B00529C38 /* component.h */,
				3CAF3E0C27D7FAB400E4D5CA /* computer.h */,
				3CA95A8E27DD23440015AB3C /* data.h */,
				3C20ACB02A78F5E10021EEC7 /* Events.h */,
				3CAF3E0D27D7FAB400E4D5CA /* kernel.h */,
				3CC5B6DA27D8E0CC00F9AE44 /* network.h */,
				3C4DBD752A749E2C00B878FD /* game.hpp */,
				3CC78D582A75EE3D0053CF4E /* render.hpp */,
				3C4DBD742A7490CE00B878FD /* model.hpp */,
				3C43743E2A744B78009C7263 /* node.h */,
				3CBE201527D7A73000529C38 /* program.h */,
				3CA95A9627DD53460015AB3C /* table.hpp */,
			);
			name = Headers;
			sourceTree = "<group>";
		};
		458202B530F848C8B22FEA05 /* Products */ = {
			isa = PBXGroup;
			children = (
				E5D4017F8C2E497BA365ACC7 /* automaton */,
			);
			name = Products;
			sourceTree = "<group>";
		};
		B070ECFBFB6B405D91408B89 /* Frameworks */ = {
			isa = PBXGroup;
			children = (
				3CC78D5F2A7616010053CF4E /* libftxui-component.a */,
				3CC78D612A7616010053CF4E /* libftxui-dom.a */,
				3CC78D602A7616010053CF4E /* libftxui-screen.a */,
			);
			name = Frameworks;
			sourceTree = "<group>";
		};
/* End PBXGroup section */

/* Begin PBXNativeTarget section */
		0E55C042F0B742B8B5661793 /* automaton */ = {
			isa = PBXNativeTarget;
			buildConfigurationList = FBD1F4C1C9AA4485B203B4CA /* Build configuration list for PBXNativeTarget "automaton" */;
			buildPhases = (
				CFB564151A8D4D75810ACCC0 /* Sources */,
				A91D8F0E56CC47C0A79B7103 /* Frameworks */,
			);
			buildRules = (
			);
			dependencies = (
			);
			name = automaton;
			productName = automaton;
			productReference = E5D4017F8C2E497BA365ACC7 /* automaton */;
			productType = "com.apple.product-type.tool";
		};
/* End PBXNativeTarget section */

/* Begin PBXProject section */
		7D4EC3332636446BBED33215 /* Project object */ = {
			isa = PBXProject;
			attributes = {
				LastUpgradeCheck = 1230;
			};
			buildConfigurationList = 2BACB3F1D6804D69A43B8306 /* Build configuration list for PBXProject "automaton" */;
			compatibilityVersion = "Xcode 3.2";
			developmentRegion = en;
			hasScannedForEncodings = 0;
			knownRegions = (
				en,
				Base,
			);
			mainGroup = 23EBDEC433474227B1F800ED;
			projectDirPath = ../../;
			projectRoot = "";
			targets = (
				0E55C042F0B742B8B5661793 /* automaton */,
			);
		};
/* End PBXProject section */

/* Begin PBXSourcesBuildPhase section */
		CFB564151A8D4D75810ACCC0 /* Sources */ = {
			isa = PBXSourcesBuildPhase;
			buildActionMask = 2147483647;
			files = (
				3C20ACB62A78F5ED0021EEC7 /* Events.cpp in Sources */,
				3CCAB8C129EF885B007F872E /* component.cpp in Sources */,
				3CCAB8C529EF885B007F872E /* program.cpp in Sources */,
				3CD0BE422A83F84D00FD4F40 /* CompoundButton.cpp in Sources */,
				3CA95A9D27DD77390015AB3C /* kernel.cpp in Sources */,
				3CA95A9B27DD77390015AB3C /* network.cpp in Sources */,
				3CBE1FED27D7945100529C38 /* main.cpp in Sources */,
				3CCAB8C329EF885B007F872E /* computer.cpp in Sources */,
				3CA95A9C27DD77390015AB3C /* agent.cpp in Sources */,
				3C8F0B752A85D6C80006AAD0 /* AnimatedText.cpp in Sources */,
				3CCAB8C229EF885B007F872E /* data.cpp in Sources */,
				3CCAB8C429EF885B007F872E /* node.cpp in Sources */,
			);
			runOnlyForDeploymentPostprocessing = 0;
		};
/* End PBXSourcesBuildPhase section */

/* Begin XCBuildConfiguration section */
		13E7EB78050E4D83A812DAFC /* MinSizeRel */ = {
			isa = XCBuildConfiguration;
			buildSettings = {
				ARCHS = "$(ARCHS_STANDARD)";
				CLANG_CXX_LANGUAGE_STANDARD = "c++17";
				CLANG_CXX_LIBRARY = "libc++";
				HEADER_SEARCH_PATHS = "${SOURCE_ROOT}/include";
				MACOSX_DEPLOYMENT_TARGET = 11.0;
				ONLY_ACTIVE_ARCH = YES;
				SDKROOT = macosx;
				SYMROOT = "${SOURCE_ROOT}/project/xcode/build";
			};
			name = MinSizeRel;
		};
		3D2F99FCE3CA469B8C383F60 /* Release */ = {
			isa = XCBuildConfiguration;
			buildSettings = {
				CLANG_CXX_LIBRARY = "compiler-default";
				COMBINE_HIDPI_IMAGES = YES;
				EXECUTABLE_PREFIX = "";
				EXECUTABLE_SUFFIX = "";
				FRAMEWORK_SEARCH_PATHS = "$(inherited)";
				GCC_GENERATE_DEBUGGING_SYMBOLS = NO;
				GCC_INLINES_ARE_PRIVATE_EXTERN = NO;
				GCC_OPTIMIZATION_LEVEL = 3;
				GCC_PREPROCESSOR_DEFINITIONS = (
					"'CMAKE_INTDIR=\"$(CONFIGURATION)$(EFFECTIVE_PLATFORM_NAME)\"'",
					"'CMAKE_TARGET_VERSION=1'",
					"'TARGET_VERSION_MAJOR=0'",
					"'TARGET_VERSION_MINOR=1'",
				);
				GCC_SYMBOLS_PRIVATE_EXTERN = NO;
				HEADER_SEARCH_PATHS = (
					"$(inherited)",
					"${SOURCE_ROOT}/project/xcode/src",
					"${SOURCE_ROOT}/lib/FTXUI/include",
					"${SOURCE_ROOT}/lib/eventpp/include",
				);
				INSTALL_PATH = "";
				LIBRARY_SEARCH_PATHS = (
					"$(inherited)",
					"$(PROJECT_DIR)/lib/FTXUI/build",
				);
				OTHER_LDFLAGS = (
					"-Wl,-search_paths_first",
					"-Wl,-headerpad_max_install_names",
				);
				OTHER_REZFLAGS = "";
				PRODUCT_NAME = automaton;
				SECTORDER_FLAGS = "";
				SYMROOT = "${SOURCE_ROOT}/project/xcode/src";
				USE_HEADERMAP = NO;
				WARNING_CFLAGS = "$(inherited)";
			};
			name = Release;
		};
		448271137E8D4356B5C03E32 /* Debug */ = {
			isa = XCBuildConfiguration;
			buildSettings = {
				ARCHS = "$(ARCHS_STANDARD)";
				CLANG_CXX_LANGUAGE_STANDARD = "c++17";
				CLANG_CXX_LIBRARY = "libc++";
				HEADER_SEARCH_PATHS = "${SOURCE_ROOT}/include";
				MACOSX_DEPLOYMENT_TARGET = 11.0;
				ONLY_ACTIVE_ARCH = YES;
				SDKROOT = macosx;
				SYMROOT = "${SOURCE_ROOT}/project/xcode/build";
			};
			name = Debug;
		};
		88EE58AC25274F63B6A6E120 /* Release */ = {
			isa = XCBuildConfiguration;
			buildSettings = {
				ARCHS = "$(ARCHS_STANDARD)";
				CLANG_CXX_LANGUAGE_STANDARD = "c++17";
				CLANG_CXX_LIBRARY = "libc++";
				HEADER_SEARCH_PATHS = "${SOURCE_ROOT}/include";
				MACOSX_DEPLOYMENT_TARGET = 11.0;
				ONLY_ACTIVE_ARCH = YES;
				SDKROOT = macosx;
				SYMROOT = "${SOURCE_ROOT}/project/xcode/build";
			};
			name = Release;
		};
		93C57C9DCC39444292592364 /* MinSizeRel */ = {
			isa = XCBuildConfiguration;
			buildSettings = {
				CLANG_CXX_LIBRARY = "compiler-default";
				COMBINE_HIDPI_IMAGES = YES;
				EXECUTABLE_PREFIX = "";
				EXECUTABLE_SUFFIX = "";
				FRAMEWORK_SEARCH_PATHS = "$(inherited)";
				GCC_GENERATE_DEBUGGING_SYMBOLS = NO;
				GCC_INLINES_ARE_PRIVATE_EXTERN = NO;
				GCC_OPTIMIZATION_LEVEL = s;
				GCC_PREPROCESSOR_DEFINITIONS = (
					"'CMAKE_INTDIR=\"$(CONFIGURATION)$(EFFECTIVE_PLATFORM_NAME)\"'",
					"'CMAKE_TARGET_VERSION=1'",
					"'TARGET_VERSION_MAJOR=0'",
					"'TARGET_VERSION_MINOR=1'",
				);
				GCC_SYMBOLS_PRIVATE_EXTERN = NO;
				HEADER_SEARCH_PATHS = (
					"$(inherited)",
					"${SOURCE_ROOT}/project/xcode/src",
					"${SOURCE_ROOT}/lib/FTXUI/include",
					"${SOURCE_ROOT}/lib/eventpp/include",
				);
				INSTALL_PATH = "";
				LIBRARY_SEARCH_PATHS = (
					"$(inherited)",
					"$(PROJECT_DIR)/lib/FTXUI/build",
				);
				OTHER_LDFLAGS = (
					"-Wl,-search_paths_first",
					"-Wl,-headerpad_max_install_names",
				);
				OTHER_REZFLAGS = "";
				PRODUCT_NAME = automaton;
				SECTORDER_FLAGS = "";
				SYMROOT = "${SOURCE_ROOT}/project/xcode/src";
				USE_HEADERMAP = NO;
				WARNING_CFLAGS = "$(inherited)";
			};
			name = MinSizeRel;
		};
		A293BE4A14E64260967415F9 /* RelWithDebInfo */ = {
			isa = XCBuildConfiguration;
			buildSettings = {
				CLANG_CXX_LIBRARY = "compiler-default";
				COMBINE_HIDPI_IMAGES = YES;
				EXECUTABLE_PREFIX = "";
				EXECUTABLE_SUFFIX = "";
				FRAMEWORK_SEARCH_PATHS = "$(inherited)";
				GCC_GENERATE_DEBUGGING_SYMBOLS = YES;
				GCC_INLINES_ARE_PRIVATE_EXTERN = NO;
				GCC_OPTIMIZATION_LEVEL = 2;
				GCC_PREPROCESSOR_DEFINITIONS = (
					"'CMAKE_INTDIR=\"$(CONFIGURATION)$(EFFECTIVE_PLATFORM_NAME)\"'",
					"'CMAKE_TARGET_VERSION=1'",
					"'TARGET_VERSION_MAJOR=0'",
					"'TARGET_VERSION_MINOR=1'",
				);
				GCC_SYMBOLS_PRIVATE_EXTERN = NO;
				HEADER_SEARCH_PATHS = (
					"$(inherited)",
					"${SOURCE_ROOT}/project/xcode/src",
					"${SOURCE_ROOT}/lib/FTXUI/include",
					"${SOURCE_ROOT}/lib/eventpp/include",
				);
				INSTALL_PATH = "";
				LIBRARY_SEARCH_PATHS = (
					"$(inherited)",
					"$(PROJECT_DIR)/lib/FTXUI/build",
				);
				OTHER_LDFLAGS = (
					"-Wl,-search_paths_first",
					"-Wl,-headerpad_max_install_names",
				);
				OTHER_REZFLAGS = "";
				PRODUCT_NAME = automaton;
				SECTORDER_FLAGS = "";
				SYMROOT = "${SOURCE_ROOT}/project/xcode/src";
				USE_HEADERMAP = NO;
				WARNING_CFLAGS = "$(inherited)";
			};
			name = RelWithDebInfo;
		};
		DB8A898B463B436D83E9DC5A /* Debug */ = {
			isa = XCBuildConfiguration;
			buildSettings = {
				CLANG_CXX_LIBRARY = "compiler-default";
				COMBINE_HIDPI_IMAGES = YES;
				EXECUTABLE_PREFIX = "";
				EXECUTABLE_SUFFIX = "";
				FRAMEWORK_SEARCH_PATHS = "$(inherited)";
				GCC_GENERATE_DEBUGGING_SYMBOLS = YES;
				GCC_INLINES_ARE_PRIVATE_EXTERN = NO;
				GCC_OPTIMIZATION_LEVEL = 0;
				GCC_PREPROCESSOR_DEFINITIONS = (
					"'CMAKE_INTDIR=\"$(CONFIGURATION)$(EFFECTIVE_PLATFORM_NAME)\"'",
					"'CMAKE_TARGET_VERSION=1'",
					"'TARGET_VERSION_MAJOR=0'",
					"'TARGET_VERSION_MINOR=1'",
				);
				GCC_SYMBOLS_PRIVATE_EXTERN = NO;
				HEADER_SEARCH_PATHS = (
					"$(inherited)",
					"${SOURCE_ROOT}/project/xcode/src",
					"${SOURCE_ROOT}/lib/FTXUI/include",
					"${SOURCE_ROOT}/lib/eventpp/include",
				);
				INSTALL_PATH = "";
				LIBRARY_SEARCH_PATHS = (
					"$(inherited)",
					"$(PROJECT_DIR)/lib/FTXUI/build",
				);
				OTHER_LDFLAGS = (
					"-Wl,-search_paths_first",
					"-Wl,-headerpad_max_install_names",
				);
				OTHER_REZFLAGS = "";
				PRODUCT_NAME = automaton;
				SECTORDER_FLAGS = "";
				SYMROOT = "${SOURCE_ROOT}/project/xcode/src";
				USE_HEADERMAP = NO;
				WARNING_CFLAGS = "$(inherited)";
			};
			name = Debug;
		};
		E9B117C9B81F405BA05DA2C0 /* RelWithDebInfo */ = {
			isa = XCBuildConfiguration;
			buildSettings = {
				ARCHS = "$(ARCHS_STANDARD)";
				CLANG_CXX_LANGUAGE_STANDARD = "c++17";
				CLANG_CXX_LIBRARY = "libc++";
				HEADER_SEARCH_PATHS = "${SOURCE_ROOT}/include";
				MACOSX_DEPLOYMENT_TARGET = 11.0;
				ONLY_ACTIVE_ARCH = YES;
				SDKROOT = macosx;
				SYMROOT = "${SOURCE_ROOT}/project/xcode/build";
			};
			name = RelWithDebInfo;
		};
/* End XCBuildConfiguration section */

/* Begin XCConfigurationList section */
		2BACB3F1D6804D69A43B8306 /* Build configuration list for PBXProject "automaton" */ = {
			isa = XCConfigurationList;
			buildConfigurations = (
				448271137E8D4356B5C03E32 /* Debug */,
				88EE58AC25274F63B6A6E120 /* Release */,
				13E7EB78050E4D83A812DAFC /* MinSizeRel */,
				E9B117C9B81F405BA05DA2C0 /* RelWithDebInfo */,
			);
			defaultConfigurationIsVisible = 0;
			defaultConfigurationName = Debug;
		};
		FBD1F4C1C9AA4485B203B4CA /* Build configuration list for PBXNativeTarget "automaton" */ = {
			isa = XCConfigurationList;
			buildConfigurations = (
				DB8A898B463B436D83E9DC5A /* Debug */,
				3D2F99FCE3CA469B8C383F60 /* Release */,
				93C57C9DCC39444292592364 /* MinSizeRel */,
				A293BE4A14E64260967415F9 /* RelWithDebInfo */,
			);
			defaultConfigurationIsVisible = 0;
			defaultConfigurationName = Debug;
		};
/* End XCConfigurationList section */
	};
	rootObject = 7D4EC3332636446BBED33215 /* Project object */;
}
